
Microsoft Visual Studio Solution File, Format Version 12.00
# Visual Studio Version 16
VisualStudioVersion = 16.0.30114.105
MinimumVisualStudioVersion = 10.0.40219.1
Project("{FAE04EC0-301F-11D3-BF4B-00C04F79EFBC}") = "TXSTBXRD-UI", "TXSTBXRD-UI\TXSTBXRD-UI.csproj", "{C6049F32-0F16-49A1-80B7-3F8A1F62171B}"
EndProject
Project("{2150E333-8FDC-42A3-9474-1A3956D46DE8}") = "TXTBXRD-SERVICES", "TXTBXRD-SERVICES", "{A066A82C-AB95-4C53-83FD-BCDD01D8857B}"
EndProject
Project("{FAE04EC0-301F-11D3-BF4B-00C04F79EFBC}") = "IDENTITY-SERVICE", "TXTBXRD-SERVICES\IDENTITY-SERVICE\IDENTITY-SERVICE.csproj", "{DBC60A32-6BF3-4458-8911-E7A0B09E851B}"
EndProject
Project("{FAE04EC0-301F-11D3-BF4B-00C04F79EFBC}") = "EVENT-SERVICE", "TXTBXRD-SERVICES\EVENT-SERVICE\EVENT-SERVICE.csproj", "{2A5FFD49-1730-481F-91C1-F70CF538EE30}"
EndProject
Project("{FAE04EC0-301F-11D3-BF4B-00C04F79EFBC}") = "TXSTBXRD-MIDDLEWARE", "TXSTBXRD-MIDDLEWARE\TXSTBXRD-MIDDLEWARE.csproj", "{E0293D90-FA1D-4B13-AB98-D115D6D65178}"
EndProject
Project("{FAE04EC0-301F-11D3-BF4B-00C04F79EFBC}") = "COMMUNICATIONS-SERVICE", "TXTBXRD-SERVICES\COMMUNICATIONS-SERVICE\COMMUNICATIONS-SERVICE.csproj", "{E771BFBB-F2A8-4F46-B54D-4F3C5EB50EE0}"
EndProject
Project("{FAE04EC0-301F-11D3-BF4B-00C04F79EFBC}") = "PERSONALITY-SERVICE", "TXTBXRD-SERVICES\PERSONALITY-SERVICE\PERSONALITY-SERVICE.csproj", "{7DF0B396-C452-4110-9480-0738A02BAE12}"
EndProject
Project("{2150E333-8FDC-42A3-9474-1A3956D46DE8}") = "TXSTBXRD-LIBS", "TXSTBXRD-LIBS", "{0A3CFCFF-B02D-40BB-8CF9-63F0DB7BD163}"
EndProject
Project("{FAE04EC0-301F-11D3-BF4B-00C04F79EFBC}") = "Security", "TXSTBXRD-LIBS\Security\Security.csproj", "{F007B66F-1C5D-453E-8FBA-660AD51A42EE}"
EndProject
Project("{FAE04EC0-301F-11D3-BF4B-00C04F79EFBC}") = "Email", "TXSTBXRD-LIBS\Email\Email.csproj", "{39891C1A-D8CA-422B-95CC-58CEA8E35723}"
EndProject
Global
	GlobalSection(SolutionConfigurationPlatforms) = preSolution
		Debug|Any CPU = Debug|Any CPU
		Release|Any CPU = Release|Any CPU
	EndGlobalSection
	GlobalSection(SolutionProperties) = preSolution
		HideSolutionNode = FALSE
	EndGlobalSection
	GlobalSection(ProjectConfigurationPlatforms) = postSolution
		{C6049F32-0F16-49A1-80B7-3F8A1F62171B}.Debug|Any CPU.ActiveCfg = Debug|Any CPU
		{C6049F32-0F16-49A1-80B7-3F8A1F62171B}.Debug|Any CPU.Build.0 = Debug|Any CPU
		{C6049F32-0F16-49A1-80B7-3F8A1F62171B}.Release|Any CPU.ActiveCfg = Release|Any CPU
		{C6049F32-0F16-49A1-80B7-3F8A1F62171B}.Release|Any CPU.Build.0 = Release|Any CPU
		{DBC60A32-6BF3-4458-8911-E7A0B09E851B}.Debug|Any CPU.ActiveCfg = Debug|Any CPU
		{DBC60A32-6BF3-4458-8911-E7A0B09E851B}.Debug|Any CPU.Build.0 = Debug|Any CPU
		{DBC60A32-6BF3-4458-8911-E7A0B09E851B}.Release|Any CPU.ActiveCfg = Release|Any CPU
		{DBC60A32-6BF3-4458-8911-E7A0B09E851B}.Release|Any CPU.Build.0 = Release|Any CPU
		{2A5FFD49-1730-481F-91C1-F70CF538EE30}.Debug|Any CPU.ActiveCfg = Debug|Any CPU
		{2A5FFD49-1730-481F-91C1-F70CF538EE30}.Debug|Any CPU.Build.0 = Debug|Any CPU
		{2A5FFD49-1730-481F-91C1-F70CF538EE30}.Release|Any CPU.ActiveCfg = Release|Any CPU
		{2A5FFD49-1730-481F-91C1-F70CF538EE30}.Release|Any CPU.Build.0 = Release|Any CPU
		{E0293D90-FA1D-4B13-AB98-D115D6D65178}.Debug|Any CPU.ActiveCfg = Debug|Any CPU
		{E0293D90-FA1D-4B13-AB98-D115D6D65178}.Debug|Any CPU.Build.0 = Debug|Any CPU
		{E0293D90-FA1D-4B13-AB98-D115D6D65178}.Release|Any CPU.ActiveCfg = Release|Any CPU
		{E0293D90-FA1D-4B13-AB98-D115D6D65178}.Release|Any CPU.Build.0 = Release|Any CPU
		{E771BFBB-F2A8-4F46-B54D-4F3C5EB50EE0}.Debug|Any CPU.ActiveCfg = Debug|Any CPU
		{E771BFBB-F2A8-4F46-B54D-4F3C5EB50EE0}.Debug|Any CPU.Build.0 = Debug|Any CPU
		{E771BFBB-F2A8-4F46-B54D-4F3C5EB50EE0}.Release|Any CPU.ActiveCfg = Release|Any CPU
		{E771BFBB-F2A8-4F46-B54D-4F3C5EB50EE0}.Release|Any CPU.Build.0 = Release|Any CPU
		{7DF0B396-C452-4110-9480-0738A02BAE12}.Debug|Any CPU.ActiveCfg = Debug|Any CPU
		{7DF0B396-C452-4110-9480-0738A02BAE12}.Debug|Any CPU.Build.0 = Debug|Any CPU
		{7DF0B396-C452-4110-9480-0738A02BAE12}.Release|Any CPU.ActiveCfg = Release|Any CPU
		{7DF0B396-C452-4110-9480-0738A02BAE12}.Release|Any CPU.Build.0 = Release|Any CPU
		{F007B66F-1C5D-453E-8FBA-660AD51A42EE}.Debug|Any CPU.ActiveCfg = Debug|Any CPU
		{F007B66F-1C5D-453E-8FBA-660AD51A42EE}.Debug|Any CPU.Build.0 = Debug|Any CPU
		{F007B66F-1C5D-453E-8FBA-660AD51A42EE}.Release|Any CPU.ActiveCfg = Release|Any CPU
		{F007B66F-1C5D-453E-8FBA-660AD51A42EE}.Release|Any CPU.Build.0 = Release|Any CPU
		{39891C1A-D8CA-422B-95CC-58CEA8E35723}.Debug|Any CPU.ActiveCfg = Debug|Any CPU
		{39891C1A-D8CA-422B-95CC-58CEA8E35723}.Debug|Any CPU.Build.0 = Debug|Any CPU
		{39891C1A-D8CA-422B-95CC-58CEA8E35723}.Release|Any CPU.ActiveCfg = Release|Any CPU
		{39891C1A-D8CA-422B-95CC-58CEA8E35723}.Release|Any CPU.Build.0 = Release|Any CPU
	EndGlobalSection
	GlobalSection(NestedProjects) = preSolution
		{DBC60A32-6BF3-4458-8911-E7A0B09E851B} = {A066A82C-AB95-4C53-83FD-BCDD01D8857B}
		{2A5FFD49-1730-481F-91C1-F70CF538EE30} = {A066A82C-AB95-4C53-83FD-BCDD01D8857B}
		{E771BFBB-F2A8-4F46-B54D-4F3C5EB50EE0} = {A066A82C-AB95-4C53-83FD-BCDD01D8857B}
		{7DF0B396-C452-4110-9480-0738A02BAE12} = {A066A82C-AB95-4C53-83FD-BCDD01D8857B}
		{F007B66F-1C5D-453E-8FBA-660AD51A42EE} = {0A3CFCFF-B02D-40BB-8CF9-63F0DB7BD163}
		{39891C1A-D8CA-422B-95CC-58CEA8E35723} = {0A3CFCFF-B02D-40BB-8CF9-63F0DB7BD163}
	EndGlobalSection
EndGlobal
